
Microsoft Visual Studio Solution File, Format Version 11.00
# Visual C++ Express 2010
Project("{8BC9CEB8-8B4A-11D0-8D11-00A0C91BC942}") = "Project Euler Problem 28", "Project Euler Problem 28\Project Euler Problem 28.vcxproj", "{71CE4BE3-1A1C-4D1A-91FF-FD1E6A17440C}"
EndProject
Global
	GlobalSection(SolutionConfigurationPlatforms) = preSolution
		Debug|Win32 = Debug|Win32
		Release|Win32 = Release|Win32
	EndGlobalSection
	GlobalSection(ProjectConfigurationPlatforms) = postSolution
		{71CE4BE3-1A1C-4D1A-91FF-FD1E6A17440C}.Debug|Win32.ActiveCfg = Debug|Win32
		{71CE4BE3-1A1C-4D1A-91FF-FD1E6A17440C}.Debug|Win32.Build.0 = Debug|Win32
		{71CE4BE3-1A1C-4D1A-91FF-FD1E6A17440C}.Release|Win32.ActiveCfg = Release|Win32
		{71CE4BE3-1A1C-4D1A-91FF-FD1E6A17440C}.Release|Win32.Build.0 = Release|Win32
	EndGlobalSection
	GlobalSection(SolutionProperties) = preSolution
		HideSolutionNode = FALSE
	EndGlobalSection
EndGlobal
